{
  "format_version": "1.2",
  "terraform_version": "1.9.8",
  "variables": {
    "availability_zone": {
      "value": "us-east-1a"
    },
    "instance_type": {
      "value": "t2.micro"
    }
  },
  "planned_values": {
    "root_module": {
      "resources": [
        {
          "address": "aws_instance.example",
          "mode": "managed",
          "type": "aws_instance",
          "name": "example",
          "provider_name": "registry.terraform.io/hashicorp/aws",
          "schema_version": 1,
          "values": {
            "ami": "ami-0166fe664262f664c",
            "availability_zone": "us-east-1a",
            "credit_specification": [],
            "get_password_data": false,
            "hibernation": null,
            "instance_type": "t2.micro",
            "launch_template": [],
            "source_dest_check": true,
            "tags": null,
            "timeouts": null,
            "user_data_replace_on_change": false,
            "volume_tags": null
          },
          "sensitive_values": {
            "capacity_reservation_specification": [],
            "cpu_options": [],
            "credit_specification": [],
            "ebs_block_device": [],
            "enclave_options": [],
            "ephemeral_block_device": [],
            "instance_market_options": [],
            "ipv6_addresses": [],
            "launch_template": [],
            "maintenance_options": [],
            "metadata_options": [],
            "network_interface": [],
            "private_dns_name_options": [],
            "root_block_device": [],
            "secondary_private_ips": [],
            "security_groups": [],
            "tags_all": {},
            "vpc_security_group_ids": []
          }
        },
        {
          "address": "aws_security_group.web",
          "mode": "managed",
          "type": "aws_security_group",
          "name": "web",
          "provider_name": "registry.terraform.io/hashicorp/aws",
          "schema_version": 1,
          "values": {
            "description": "Web server security group",
            "name": "web",
            "revoke_rules_on_delete": false,
            "tags": {
              "Name": "Web",
              "Owner": "web-team"
            },
            "tags_all": {
              "Name": "Web",
              "Owner": "web-team"
            },
            "timeouts": null
          },
          "sensitive_values": {
            "egress": [],
            "ingress": [],
            "tags": {},
            "tags_all": {}
          }
        },
        {
          "address": "aws_vpc_security_group_ingress_rule.http",
          "mode": "managed",
          "type": "aws_vpc_security_group_ingress_rule",
          "name": "http",
          "provider_name": "registry.terraform.io/hashicorp/aws",
          "schema_version": 0,
          "values": {
            "cidr_ipv4": "0.0.0.0/0",
            "cidr_ipv6": null,
            "description": null,
            "from_port": 80,
            "ip_protocol": "tcp",
            "prefix_list_id": null,
            "referenced_security_group_id": null,
            "tags": null,
            "tags_all": {},
            "to_port": 80
          },
          "sensitive_values": {
            "tags_all": {}
          }
        }
      ]
    }
  },
  "resource_changes": [
    {
      "address": "aws_instance.example",
      "mode": "managed",
      "type": "aws_instance",
      "name": "example",
      "provider_name": "registry.terraform.io/hashicorp/aws",
      "change": {
        "actions": [
          "create"
        ],
        "before": null,
        "after": {
          "ami": "ami-0166fe664262f664c",
          "availability_zone": "us-east-1a",
          "credit_specification": [],
          "get_password_data": false,
          "hibernation": null,
          "instance_type": "t2.micro",
          "launch_template": [],
          "source_dest_check": true,
          "tags": null,
          "timeouts": null,
          "user_data_replace_on_change": false,
          "volume_tags": null
        },
        "after_unknown": {
          "arn": true,
          "associate_public_ip_address": true,
          "capacity_reservation_specification": true,
          "cpu_core_count": true,
          "cpu_options": true,
          "cpu_threads_per_core": true,
          "credit_specification": [],
          "disable_api_stop": true,
          "disable_api_termination": true,
          "ebs_block_device": true,
          "ebs_optimized": true,
          "enclave_options": true,
          "ephemeral_block_device": true,
          "host_id": true,
          "host_resource_group_arn": true,
          "iam_instance_profile": true,
          "id": true,
          "instance_initiated_shutdown_behavior": true,
          "instance_lifecycle": true,
          "instance_market_options": true,
          "instance_state": true,
          "ipv6_address_count": true,
          "ipv6_addresses": true,
          "key_name": true,
          "launch_template": [],
          "maintenance_options": true,
          "metadata_options": true,
          "monitoring": true,
          "network_interface": true,
          "outpost_arn": true,
          "password_data": true,
          "placement_group": true,
          "placement_partition_number": true,
          "primary_network_interface_id": true,
          "private_dns": true,
          "private_dns_name_options": true,
          "private_ip": true,
          "public_dns": true,
          "public_ip": true,
          "root_block_device": true,
          "secondary_private_ips": true,
          "security_groups": true,
          "spot_instance_request_id": true,
          "subnet_id": true,
          "tags_all": true,
          "tenancy": true,
          "user_data": true,
          "user_data_base64": true,
          "vpc_security_group_ids": true
        },
        "before_sensitive": false,
        "after_sensitive": {
          "capacity_reservation_specification": [],
          "cpu_options": [],
          "credit_specification": [],
          "ebs_block_device": [],
          "enclave_options": [],
          "ephemeral_block_device": [],
          "instance_market_options": [],
          "ipv6_addresses": [],
          "launch_template": [],
          "maintenance_options": [],
          "metadata_options": [],
          "network_interface": [],
          "private_dns_name_options": [],
          "root_block_device": [],
          "secondary_private_ips": [],
          "security_groups": [],
          "tags_all": {},
          "vpc_security_group_ids": []
        }
      }
    },
    {
      "address": "aws_security_group.web",
      "mode": "managed",
      "type": "aws_security_group",
      "name": "web",
      "provider_name": "registry.terraform.io/hashicorp/aws",
      "change": {
        "actions": [
          "create"
        ],
        "before": null,
        "after": {
          "description": "Web server security group",
          "name": "web",
          "revoke_rules_on_delete": false,
          "tags": {
            "Name": "Web",
            "Owner": "web-team"
          },
          "tags_all": {
            "Name": "Web",
            "Owner": "web-team"
          },
          "timeouts": null
        },
        "after_unknown": {
          "arn": true,
          "egress": true,
          "id": true,
          "ingress": true,
          "name_prefix": true,
          "owner_id": true,
          "tags": {},
          "tags_all": {},
          "vpc_id": true
        },
        "before_sensitive": false,
        "after_sensitive": {
          "egress": [],
          "ingress": [],
          "tags": {},
          "tags_all": {}
        }
      }
    },
    {
      "address": "aws_vpc_security_group_ingress_rule.http",
      "mode": "managed",
      "type": "aws_vpc_security_group_ingress_rule",
      "name": "http",
      "provider_name": "registry.terraform.io/hashicorp/aws",
      "change": {
        "actions": [
          "create"
        ],
        "before": null,
        "after": {
          "cidr_ipv4": "0.0.0.0/0",
          "cidr_ipv6": null,
          "description": null,
          "from_port": 80,
          "ip_protocol": "tcp",
          "prefix_list_id": null,
          "referenced_security_group_id": null,
          "tags": null,
          "tags_all": {},
          "to_port": 80
        },
        "after_unknown": {
          "arn": true,
          "id": true,
          "security_group_id": true,
          "security_group_rule_id": true,
          "tags_all": {}
        },
        "before_sensitive": false,
        "after_sensitive": {
          "tags_all": {}
        }
      }
    }
  ],
  "configuration": {
    "provider_config": {
      "aws": {
        "name": "aws",
        "full_name": "registry.terraform.io/hashicorp/aws",
        "expressions": {
          "region": {
            "constant_value": "us-east-1"
          }
        }
      }
    },
    "root_module": {
      "resources": [
        {
          "address": "aws_instance.example",
          "mode": "managed",
          "type": "aws_instance",
          "name": "example",
          "provider_config_key": "aws",
          "expressions": {
            "ami": {
              "constant_value": "ami-0166fe664262f664c"
            },
            "availability_zone": {
              "references": [
                "var.availability_zone"
              ]
            },
            "instance_type": {
              "references": [
                "var.instance_type"
              ]
            }
          },
          "schema_version": 1
        },
        {
          "address": "aws_security_group.web",
          "mode": "managed",
          "type": "aws_security_group",
          "name": "web",
          "provider_config_key": "aws",
          "expressions": {
            "description": {
              "constant_value": "Web server security group"
            },
            "name": {
              "constant_value": "web"
            },
            "tags": {
              "constant_value": {
                "Name": "Web",
                "Owner": "web-team"
              }
            }
          },
          "schema_version": 1
        },
        {
          "address": "aws_vpc_security_group_ingress_rule.http",
          "mode": "managed",
          "type": "aws_vpc_security_group_ingress_rule",
          "name": "http",
          "provider_config_key": "aws",
          "expressions": {
            "cidr_ipv4": {
              "constant_value": "0.0.0.0/0"
            },
            "from_port": {
              "constant_value": 80
            },
            "ip_protocol": {
              "constant_value": "tcp"
            },
            "security_group_id": {
              "references": [
                "aws_security_group.web.id",
                "aws_security_group.web"
              ]
            },
            "to_port": {
              "constant_value": 80
            }
          },
          "schema_version": 0
        }
      ],
      "variables": {
        "availability_zone": {
          "default": "us-east-1a"
        },
        "instance_type": {
          "default": "t2.micro"
        }
      }
    }
  },
  "relevant_attributes": [
    {
      "resource": "aws_security_group.web",
      "attribute": [
        "id"
      ]
    }
  ],
  "timestamp": "2024-11-26T21:01:18Z",
  "applyable": true,
  "complete": true,
  "errored": false
}
