{
  "version": 4,
  "terraform_version": "1.9.8",
  "serial": 46,
  "lineage": "bd76c150-9cf5-a156-6223-e0376f3528cc",
  "outputs": {
    "ip": {
      "value": "44.211.227.131",
      "type": "string"
    }
  },
  "resources": [
    {
      "mode": "managed",
      "type": "aws_instance",
      "name": "example",
      "provider": "provider[\"registry.terraform.io/hashicorp/aws\"]",
      "instances": [
        {
          "schema_version": 1,
          "attributes": {
            "ami": "ami-0166fe664262f664c",
            "arn": "arn:aws:ec2:us-east-1:533266971996:instance/i-0801d5d92dad3cdd7",
            "associate_public_ip_address": true,
            "availability_zone": "us-east-1b",
            "capacity_reservation_specification": [
              {
                "capacity_reservation_preference": "open",
                "capacity_reservation_target": []
              }
            ],
            "cpu_core_count": 1,
            "cpu_options": [
              {
                "amd_sev_snp": "",
                "core_count": 1,
                "threads_per_core": 1
              }
            ],
            "cpu_threads_per_core": 1,
            "credit_specification": [
              {
                "cpu_credits": "standard"
              }
            ],
            "disable_api_stop": false,
            "disable_api_termination": false,
            "ebs_block_device": [],
            "ebs_optimized": false,
            "enclave_options": [
              {
                "enabled": false
              }
            ],
            "ephemeral_block_device": [],
            "get_password_data": false,
            "hibernation": false,
            "host_id": "",
            "host_resource_group_arn": null,
            "iam_instance_profile": "",
            "id": "i-0801d5d92dad3cdd7",
            "instance_initiated_shutdown_behavior": "stop",
            "instance_lifecycle": "",
            "instance_market_options": [],
            "instance_state": "running",
            "instance_type": "t2.micro",
            "ipv6_address_count": 0,
            "ipv6_addresses": [],
            "key_name": "e1",
            "launch_template": [],
            "maintenance_options": [
              {
                "auto_recovery": "default"
              }
            ],
            "metadata_options": [
              {
                "http_endpoint": "enabled",
                "http_protocol_ipv6": "disabled",
                "http_put_response_hop_limit": 1,
                "http_tokens": "optional",
                "instance_metadata_tags": "disabled"
              }
            ],
            "monitoring": false,
            "network_interface": [],
            "outpost_arn": "",
            "password_data": "",
            "placement_group": "",
            "placement_partition_number": 0,
            "primary_network_interface_id": "eni-03a441f3eedcaf611",
            "private_dns": "ip-172-31-89-173.ec2.internal",
            "private_dns_name_options": [
              {
                "enable_resource_name_dns_a_record": false,
                "enable_resource_name_dns_aaaa_record": false,
                "hostname_type": "ip-name"
              }
            ],
            "private_ip": "172.31.89.173",
            "public_dns": "ec2-44-211-227-131.compute-1.amazonaws.com",
            "public_ip": "44.211.227.131",
            "root_block_device": [
              {
                "delete_on_termination": true,
                "device_name": "/dev/xvda",
                "encrypted": false,
                "iops": 100,
                "kms_key_id": "",
                "tags": {},
                "tags_all": {},
                "throughput": 0,
                "volume_id": "vol-0a547ff5ec1989782",
                "volume_size": 8,
                "volume_type": "gp2"
              }
            ],
            "secondary_private_ips": [],
            "security_groups": [
              "default"
            ],
            "source_dest_check": true,
            "spot_instance_request_id": "",
            "subnet_id": "subnet-06c09bc305ba08f61",
            "tags": null,
            "tags_all": {},
            "tenancy": "default",
            "timeouts": null,
            "user_data": null,
            "user_data_base64": null,
            "user_data_replace_on_change": false,
            "volume_tags": null,
            "vpc_security_group_ids": [
              "sg-0d670a2c2c46dfcf8"
            ]
          },
          "sensitive_attributes": [],
          "private": "eyJlMmJmYjczMC1lY2FhLTExZTYtOGY4OC0zNDM2M2JjN2M0YzAiOnsiY3JlYXRlIjo2MDAwMDAwMDAwMDAsImRlbGV0ZSI6MTIwMDAwMDAwMDAwMCwicmVhZCI6OTAwMDAwMDAwMDAwLCJ1cGRhdGUiOjYwMDAwMDAwMDAwMH0sInNjaGVtYV92ZXJzaW9uIjoiMSJ9",
          "dependencies": [
            "aws_key_pair.example"
          ]
        }
      ]
    },
    {
      "mode": "managed",
      "type": "aws_key_pair",
      "name": "example",
      "provider": "provider[\"registry.terraform.io/hashicorp/aws\"]",
      "instances": [
        {
          "schema_version": 1,
          "attributes": {
            "arn": "arn:aws:ec2:us-east-1:533266971996:key-pair/e1",
            "fingerprint": "79:98:1b:7e:5d:69:31:b3:56:54:25:0f:d5:13:fe:7e",
            "id": "e1",
            "key_name": "e1",
            "key_name_prefix": "",
            "key_pair_id": "key-05be4d98b6a5870ee",
            "key_type": "rsa",
            "public_key": "ssh-rsa AAAAB3NzaC1yc2EAAAADAQABAAABgQDB+1kwiuqlQebRvD9i0+ROB1nQEP0zunruQStw/p4wgTpjG+yHP3T7bs9/muoj6m420lenFYAyWcbZBhsWt+bDyb5IZNPXdM9OkBDH8xwuQJZYSve3HanT0Gjih0PMnbOKE+wCH5u+QyxFm35+DHWNnxeefJbn3EnDAUzEOrJ2qjkSls0r17x9fD3etrgkBQ32hicVsx0FLoPAti8jkqrk15KzD9LkbuigzIsHsL1eJpM3GKwCSZwDS1QpdDwhVKpUX+nqXVphAkhxCo5At5DMNluCtKjUZonO1XUafY3Ar+QFGryjcBVO/w/L52SD2m2JPOZQPyLusS8i4FbCvmZD18rWYyT3vB3QTzmQ1zY5qzhAEoFyChwbH49cjyuMLvj2bZEStJauT2swqyRqEhzw8Hl+1VlNGiB3ygwFx36WuYE8ZPse/BbNe3+UxW4zLZke1p6JcBNjPWfiV3kT6Ykrt6bk0wBijXGxOEgqB7zIznhILB2HSbfQAfWdG784wZk= himanshu@Himanshus-MacBook-Pro-2.local",
            "tags": null,
            "tags_all": {}
          },
          "sensitive_attributes": [],
          "private": "eyJzY2hlbWFfdmVyc2lvbiI6IjEifQ=="
        }
      ]
    }
  ],
  "check_results": null
}
